
Microsoft Visual Studio Solution File, Format Version 12.00
# Visual Studio 15
VisualStudioVersion = 15.0.27703.2018
MinimumVisualStudioVersion = 10.0.40219.1
Project("{FAE04EC0-301F-11D3-BF4B-00C04F79EFBC}") = "Test", "Test\Test.csproj", "{FC3F8AC8-E2B1-432D-8FEE-9307EEC89BB6}"
EndProject
Global
	GlobalSection(SolutionConfigurationPlatforms) = preSolution
		Debug|Any CPU = Debug|Any CPU
		Release|Any CPU = Release|Any CPU
	EndGlobalSection
	GlobalSection(ProjectConfigurationPlatforms) = postSolution
		{FC3F8AC8-E2B1-432D-8FEE-9307EEC89BB6}.Debug|Any CPU.ActiveCfg = Debug|Any CPU
		{FC3F8AC8-E2B1-432D-8FEE-9307EEC89BB6}.Debug|Any CPU.Build.0 = Debug|Any CPU
		{FC3F8AC8-E2B1-432D-8FEE-9307EEC89BB6}.Release|Any CPU.ActiveCfg = Release|Any CPU
		{FC3F8AC8-E2B1-432D-8FEE-9307EEC89BB6}.Release|Any CPU.Build.0 = Release|Any CPU
	EndGlobalSection
	GlobalSection(SolutionProperties) = preSolution
		HideSolutionNode = FALSE
	EndGlobalSection
	GlobalSection(ExtensibilityGlobals) = postSolution
		SolutionGuid = {20133D41-047E-4669-9E53-664F23DC3EAD}
	EndGlobalSection
EndGlobal
